
Microsoft Visual Studio Solution File, Format Version 12.00
# Visual Studio Version 16
VisualStudioVersion = 16.0.29326.143
MinimumVisualStudioVersion = 10.0.40219.1
Project("{9A19103F-16F7-4668-BE54-9A1E7A4F7556}") = "StaticAbstraction", "StaticAbstraction\StaticAbstraction.csproj", "{A09537C2-9CEE-4E7B-AB14-76F3EC9EDD6F}"
EndProject
Project("{2150E333-8FDC-42A3-9474-1A3956D46DE8}") = "__Root", "__Root", "{A1009EF1-9986-4929-892B-632127EB7E4E}"
	ProjectSection(SolutionItems) = preProject
		.gitignore = .gitignore
		LICENSE = LICENSE
		README.md = README.md
	EndProjectSection
EndProject
Project("{2150E333-8FDC-42A3-9474-1A3956D46DE8}") = "Tests", "Tests", "{7FCF7154-9DF0-41DE-BEE3-393179063362}"
EndProject
Project("{9A19103F-16F7-4668-BE54-9A1E7A4F7556}") = "StaticAbstractionTests", "Tests\StaticAbstractionTests\StaticAbstractionTests.csproj", "{6550DE74-B492-4DB1-94ED-0D154F4B8F7F}"
EndProject
Project("{2150E333-8FDC-42A3-9474-1A3956D46DE8}") = "IssueTemplates", "IssueTemplates", "{4021D781-4F55-4710-904B-12E41954165E}"
	ProjectSection(SolutionItems) = preProject
		.github\ISSUE_TEMPLATE\bug_report.md = .github\ISSUE_TEMPLATE\bug_report.md
		.github\ISSUE_TEMPLATE\feature_request.md = .github\ISSUE_TEMPLATE\feature_request.md
	EndProjectSection
EndProject
Global
	GlobalSection(SolutionConfigurationPlatforms) = preSolution
		Debug|Any CPU = Debug|Any CPU
		Release|Any CPU = Release|Any CPU
	EndGlobalSection
	GlobalSection(ProjectConfigurationPlatforms) = postSolution
		{A09537C2-9CEE-4E7B-AB14-76F3EC9EDD6F}.Debug|Any CPU.ActiveCfg = Debug|Any CPU
		{A09537C2-9CEE-4E7B-AB14-76F3EC9EDD6F}.Debug|Any CPU.Build.0 = Debug|Any CPU
		{A09537C2-9CEE-4E7B-AB14-76F3EC9EDD6F}.Release|Any CPU.ActiveCfg = Release|Any CPU
		{A09537C2-9CEE-4E7B-AB14-76F3EC9EDD6F}.Release|Any CPU.Build.0 = Release|Any CPU
		{6550DE74-B492-4DB1-94ED-0D154F4B8F7F}.Debug|Any CPU.ActiveCfg = Debug|Any CPU
		{6550DE74-B492-4DB1-94ED-0D154F4B8F7F}.Debug|Any CPU.Build.0 = Debug|Any CPU
		{6550DE74-B492-4DB1-94ED-0D154F4B8F7F}.Release|Any CPU.ActiveCfg = Release|Any CPU
		{6550DE74-B492-4DB1-94ED-0D154F4B8F7F}.Release|Any CPU.Build.0 = Release|Any CPU
	EndGlobalSection
	GlobalSection(SolutionProperties) = preSolution
		HideSolutionNode = FALSE
	EndGlobalSection
	GlobalSection(NestedProjects) = preSolution
		{6550DE74-B492-4DB1-94ED-0D154F4B8F7F} = {7FCF7154-9DF0-41DE-BEE3-393179063362}
	EndGlobalSection
	GlobalSection(ExtensibilityGlobals) = postSolution
		SolutionGuid = {C6236914-9E9D-4300-80C5-676070A370C9}
	EndGlobalSection
EndGlobal
