
Microsoft Visual Studio Solution File, Format Version 12.00
# Visual Studio Version 17
VisualStudioVersion = 17.5.33530.505
MinimumVisualStudioVersion = 10.0.40219.1
Project("{9A19103F-16F7-4668-BE54-9A1E7A4F7556}") = "StaticMethodAnalyzer", "StaticMethodAnalyzer\StaticMethodAnalyzer.csproj", "{4EB5C6B1-BB95-4481-ADDB-94048BD8AEBA}"
EndProject
Project("{9A19103F-16F7-4668-BE54-9A1E7A4F7556}") = "SATypeAnalyzer", "SATypeAnalyzer\SATypeAnalyzer.csproj", "{4336B6F1-91E6-4335-85D3-C28553E7AD4C}"
EndProject
Global
	GlobalSection(SolutionConfigurationPlatforms) = preSolution
		Debug|Any CPU = Debug|Any CPU
		Release|Any CPU = Release|Any CPU
	EndGlobalSection
	GlobalSection(ProjectConfigurationPlatforms) = postSolution
		{4EB5C6B1-BB95-4481-ADDB-94048BD8AEBA}.Debug|Any CPU.ActiveCfg = Debug|Any CPU
		{4EB5C6B1-BB95-4481-ADDB-94048BD8AEBA}.Debug|Any CPU.Build.0 = Debug|Any CPU
		{4EB5C6B1-BB95-4481-ADDB-94048BD8AEBA}.Release|Any CPU.ActiveCfg = Release|Any CPU
		{4EB5C6B1-BB95-4481-ADDB-94048BD8AEBA}.Release|Any CPU.Build.0 = Release|Any CPU
		{4336B6F1-91E6-4335-85D3-C28553E7AD4C}.Debug|Any CPU.ActiveCfg = Debug|Any CPU
		{4336B6F1-91E6-4335-85D3-C28553E7AD4C}.Debug|Any CPU.Build.0 = Debug|Any CPU
		{4336B6F1-91E6-4335-85D3-C28553E7AD4C}.Release|Any CPU.ActiveCfg = Release|Any CPU
		{4336B6F1-91E6-4335-85D3-C28553E7AD4C}.Release|Any CPU.Build.0 = Release|Any CPU
	EndGlobalSection
	GlobalSection(SolutionProperties) = preSolution
		HideSolutionNode = FALSE
	EndGlobalSection
	GlobalSection(ExtensibilityGlobals) = postSolution
		SolutionGuid = {B171AE6D-52D9-4D82-8F28-D34886453899}
	EndGlobalSection
EndGlobal
